
Microsoft Visual Studio Solution File, Format Version 12.00
# Visual Studio 2012
Project("{6141683F-8A12-4E36-9623-2EB02B2C2303}") = "Setup", "source\Setup\Setup.isproj", "{420AAEAB-A985-4303-ABF8-47D5EB242F3F}"
EndProject
Global
	GlobalSection(SolutionConfigurationPlatforms) = preSolution
		CD_ROM|Default = CD_ROM|Default
		DVD-5|Default = DVD-5|Default
		SingleImage|Default = SingleImage|Default
	EndGlobalSection
	GlobalSection(ProjectConfigurationPlatforms) = postSolution
		{420AAEAB-A985-4303-ABF8-47D5EB242F3F}.CD_ROM|Default.ActiveCfg = CD_ROM
		{420AAEAB-A985-4303-ABF8-47D5EB242F3F}.CD_ROM|Default.Build.0 = CD_ROM
		{420AAEAB-A985-4303-ABF8-47D5EB242F3F}.DVD-5|Default.ActiveCfg = DVD-5
		{420AAEAB-A985-4303-ABF8-47D5EB242F3F}.DVD-5|Default.Build.0 = DVD-5
		{420AAEAB-A985-4303-ABF8-47D5EB242F3F}.SingleImage|Default.ActiveCfg = SingleImage
		{420AAEAB-A985-4303-ABF8-47D5EB242F3F}.SingleImage|Default.Build.0 = SingleImage
	EndGlobalSection
	GlobalSection(SolutionProperties) = preSolution
		HideSolutionNode = FALSE
	EndGlobalSection
EndGlobal
