
Microsoft Visual Studio Solution File, Format Version 12.00
# Visual Studio 14
VisualStudioVersion = 14.0.24720.0
MinimumVisualStudioVersion = 10.0.40219.1
Project("{54435603-DBB4-11D2-8724-00A0C9A8B90C}") = "StopWatchSetup", "source\StopWatchSetup\StopWatchSetup.vdproj", "{696B7D99-7B47-47FD-B792-B502B428F50F}"
EndProject
Global
	GlobalSection(SolutionConfigurationPlatforms) = preSolution
		Debug|Default = Debug|Default
		Release|Default = Release|Default
	EndGlobalSection
	GlobalSection(ProjectConfigurationPlatforms) = postSolution
		{696B7D99-7B47-47FD-B792-B502B428F50F}.Debug|Default.ActiveCfg = Debug
		{696B7D99-7B47-47FD-B792-B502B428F50F}.Debug|Default.Build.0 = Debug
		{696B7D99-7B47-47FD-B792-B502B428F50F}.Release|Default.ActiveCfg = Release
		{696B7D99-7B47-47FD-B792-B502B428F50F}.Release|Default.Build.0 = Release
	EndGlobalSection
	GlobalSection(SolutionProperties) = preSolution
		HideSolutionNode = FALSE
	EndGlobalSection
EndGlobal
